
Microsoft Visual Studio Solution File, Format Version 12.00
# Visual Studio Version 17
VisualStudioVersion = 17.4.33403.182
MinimumVisualStudioVersion = 10.0.40219.1
Project("{8BC9CEB8-8B4A-11D0-8D11-00A0C91BC942}") = "TestStaticLib", "TestStaticLib\TestStaticLib.vcxproj", "{E8725349-4C0D-43EC-B0AB-E3D2D9182989}"
EndProject
Project("{8BC9CEB8-8B4A-11D0-8D11-00A0C91BC942}") = "TestWindowsProject", "TestWindowsProject\TestWindowsProject.vcxproj", "{307F8287-692B-4607-A8C3-490C431649F9}"
EndProject
Project("{8BC9CEB8-8B4A-11D0-8D11-00A0C91BC942}") = "D2DRenderer", "D2DRenderer\D2DRenderer.vcxproj", "{FE277D50-9DB0-43A6-8977-634CDA999A8B}"
EndProject
Project("{8BC9CEB8-8B4A-11D0-8D11-00A0C91BC942}") = "DemoApp", "DemoApp\DemoApp.vcxproj", "{F0B5A2D5-B5A5-4F5E-BFA4-14DCAC74722F}"
EndProject
Global
	GlobalSection(SolutionConfigurationPlatforms) = preSolution
		Debug|x64 = Debug|x64
		Debug|x86 = Debug|x86
		Release|x64 = Release|x64
		Release|x86 = Release|x86
	EndGlobalSection
	GlobalSection(ProjectConfigurationPlatforms) = postSolution
		{E8725349-4C0D-43EC-B0AB-E3D2D9182989}.Debug|x64.ActiveCfg = Debug|x64
		{E8725349-4C0D-43EC-B0AB-E3D2D9182989}.Debug|x64.Build.0 = Debug|x64
		{E8725349-4C0D-43EC-B0AB-E3D2D9182989}.Debug|x86.ActiveCfg = Debug|Win32
		{E8725349-4C0D-43EC-B0AB-E3D2D9182989}.Debug|x86.Build.0 = Debug|Win32
		{E8725349-4C0D-43EC-B0AB-E3D2D9182989}.Release|x64.ActiveCfg = Release|x64
		{E8725349-4C0D-43EC-B0AB-E3D2D9182989}.Release|x64.Build.0 = Release|x64
		{E8725349-4C0D-43EC-B0AB-E3D2D9182989}.Release|x86.ActiveCfg = Release|Win32
		{E8725349-4C0D-43EC-B0AB-E3D2D9182989}.Release|x86.Build.0 = Release|Win32
		{307F8287-692B-4607-A8C3-490C431649F9}.Debug|x64.ActiveCfg = Debug|x64
		{307F8287-692B-4607-A8C3-490C431649F9}.Debug|x64.Build.0 = Debug|x64
		{307F8287-692B-4607-A8C3-490C431649F9}.Debug|x86.ActiveCfg = Debug|Win32
		{307F8287-692B-4607-A8C3-490C431649F9}.Debug|x86.Build.0 = Debug|Win32
		{307F8287-692B-4607-A8C3-490C431649F9}.Release|x64.ActiveCfg = Release|x64
		{307F8287-692B-4607-A8C3-490C431649F9}.Release|x64.Build.0 = Release|x64
		{307F8287-692B-4607-A8C3-490C431649F9}.Release|x86.ActiveCfg = Release|Win32
		{307F8287-692B-4607-A8C3-490C431649F9}.Release|x86.Build.0 = Release|Win32
		{FE277D50-9DB0-43A6-8977-634CDA999A8B}.Debug|x64.ActiveCfg = Debug|x64
		{FE277D50-9DB0-43A6-8977-634CDA999A8B}.Debug|x64.Build.0 = Debug|x64
		{FE277D50-9DB0-43A6-8977-634CDA999A8B}.Debug|x86.ActiveCfg = Debug|Win32
		{FE277D50-9DB0-43A6-8977-634CDA999A8B}.Debug|x86.Build.0 = Debug|Win32
		{FE277D50-9DB0-43A6-8977-634CDA999A8B}.Release|x64.ActiveCfg = Release|x64
		{FE277D50-9DB0-43A6-8977-634CDA999A8B}.Release|x64.Build.0 = Release|x64
		{FE277D50-9DB0-43A6-8977-634CDA999A8B}.Release|x86.ActiveCfg = Release|Win32
		{FE277D50-9DB0-43A6-8977-634CDA999A8B}.Release|x86.Build.0 = Release|Win32
		{F0B5A2D5-B5A5-4F5E-BFA4-14DCAC74722F}.Debug|x64.ActiveCfg = Debug|x64
		{F0B5A2D5-B5A5-4F5E-BFA4-14DCAC74722F}.Debug|x64.Build.0 = Debug|x64
		{F0B5A2D5-B5A5-4F5E-BFA4-14DCAC74722F}.Debug|x86.ActiveCfg = Debug|Win32
		{F0B5A2D5-B5A5-4F5E-BFA4-14DCAC74722F}.Debug|x86.Build.0 = Debug|Win32
		{F0B5A2D5-B5A5-4F5E-BFA4-14DCAC74722F}.Release|x64.ActiveCfg = Release|x64
		{F0B5A2D5-B5A5-4F5E-BFA4-14DCAC74722F}.Release|x64.Build.0 = Release|x64
		{F0B5A2D5-B5A5-4F5E-BFA4-14DCAC74722F}.Release|x86.ActiveCfg = Release|Win32
		{F0B5A2D5-B5A5-4F5E-BFA4-14DCAC74722F}.Release|x86.Build.0 = Release|Win32
	EndGlobalSection
	GlobalSection(SolutionProperties) = preSolution
		HideSolutionNode = FALSE
	EndGlobalSection
	GlobalSection(ExtensibilityGlobals) = postSolution
		SolutionGuid = {0E0F1F08-8D35-4CBD-97D2-34F8CD997771}
	EndGlobalSection
EndGlobal
